
Microsoft Visual Studio Solution File, Format Version 12.00
# Visual Studio Version 16
VisualStudioVersion = 25.0.1705.4
MinimumVisualStudioVersion = 10.0.40219.1
Project("{FAE04EC0-301F-11D3-BF4B-00C04F79EFBC}") = "IntroCSharp", "IntroCSharp\IntroCSharp.csproj", "{9CA90331-CB87-4B22-ADBA-247F6D1536F7}"
EndProject
Project("{FAE04EC0-301F-11D3-BF4B-00C04F79EFBC}") = "CSharpExercises", "CSharpExercises\CSharpExercises.csproj", "{73ED11A5-29B8-4A86-9B2D-5749B7605776}"
EndProject
Project("{FAE04EC0-301F-11D3-BF4B-00C04F79EFBC}") = "ObjectClass", "ObjectClass\ObjectClass.csproj", "{C585DE8B-B389-408E-9471-E1E769004868}"
EndProject
Project("{FAE04EC0-301F-11D3-BF4B-00C04F79EFBC}") = "StudentSystem", "StudentSystem\StudentSystem.csproj", "{6D92B5B8-9861-4FAA-A471-7A0ED65F6922}"
EndProject
Project("{FAE04EC0-301F-11D3-BF4B-00C04F79EFBC}") = "RecapOOP", "RecapOOP\RecapOOP.csproj", "{02C4A8AC-7B56-4F36-94A9-0BA4D8D44747}"
EndProject
Project("{FAE04EC0-301F-11D3-BF4B-00C04F79EFBC}") = "Inheritance", "Inheritance\Inheritance.csproj", "{16A69C9F-AAF8-4960-8300-AE3DDB6CFC51}"
EndProject
Project("{FAE04EC0-301F-11D3-BF4B-00C04F79EFBC}") = "Reference", "Reference\Reference.csproj", "{075E24F0-93E3-400B-8AEF-35F2A147F6EA}"
EndProject
Project("{FAE04EC0-301F-11D3-BF4B-00C04F79EFBC}") = "Inheritance_Homework", "Inheritance_Homework\Inheritance_Homework.csproj", "{9978FEEC-F2C0-4E65-AE28-B86BB36028B9}"
EndProject
Project("{FAE04EC0-301F-11D3-BF4B-00C04F79EFBC}") = "SomeImportantThings", "SomeImportantThings\SomeImportantThings.csproj", "{BF5349B6-8BF9-4102-9D3D-21E65350E1BE}"
EndProject
Project("{FAE04EC0-301F-11D3-BF4B-00C04F79EFBC}") = "trial", "trial\trial.csproj", "{8CFF64CE-985D-455B-ABEE-F6F1415566F3}"
EndProject
Project("{FAE04EC0-301F-11D3-BF4B-00C04F79EFBC}") = "Internal", "Internal\Internal.csproj", "{CF556B82-95F0-41A3-8FD5-BA7A3F6F172B}"
EndProject
Project("{FAE04EC0-301F-11D3-BF4B-00C04F79EFBC}") = "Abstraction&Interface", "Abstraction&Interface\Abstraction&Interface.csproj", "{529757AF-4C6C-4311-9F03-A9A4B978825A}"
EndProject
Project("{FAE04EC0-301F-11D3-BF4B-00C04F79EFBC}") = "Quiz", "Quiz\Quiz.csproj", "{F23EE65E-AF21-4649-AED7-A67E2D7F24E8}"
EndProject
Project("{FAE04EC0-301F-11D3-BF4B-00C04F79EFBC}") = "Interface", "Interface\Interface.csproj", "{46982405-EF7D-402E-BECD-7BDADDAF02B4}"
EndProject
Project("{FAE04EC0-301F-11D3-BF4B-00C04F79EFBC}") = "Homework_OOP", "Homework_OOP\Homework_OOP.csproj", "{DD16D75A-62F3-4B0B-93AC-642E27623718}"
EndProject
Project("{FAE04EC0-301F-11D3-BF4B-00C04F79EFBC}") = "Array&StringMethods", "Array&StringMethods\Array&StringMethods.csproj", "{6F0C7A0C-68E1-4D54-9499-DE604B021666}"
EndProject
Project("{FAE04EC0-301F-11D3-BF4B-00C04F79EFBC}") = "this&As", "this&As\this&As.csproj", "{90A7C2AF-5B3B-4169-8707-4F2A7FFDF86A}"
EndProject
Project("{FAE04EC0-301F-11D3-BF4B-00C04F79EFBC}") = "Implicit&Explicit", "Implicit&Explicit\Implicit&Explicit.csproj", "{1D70C65D-3866-44BF-9128-6C0B0FFA7C7D}"
EndProject
Project("{FAE04EC0-301F-11D3-BF4B-00C04F79EFBC}") = "Sealed", "Sealed\Sealed.csproj", "{3DFE8DD1-B2D2-4FE3-A8FB-39DF9FC81850}"
EndProject
Project("{FAE04EC0-301F-11D3-BF4B-00C04F79EFBC}") = "Struct", "Struct\Struct.csproj", "{60F49E8A-B15F-4A97-88CF-C7D872D0D616}"
EndProject
Project("{FAE04EC0-301F-11D3-BF4B-00C04F79EFBC}") = "Collections", "Collections\Collections.csproj", "{21FDC3D2-FE39-49C6-B58E-F884318A28AB}"
EndProject
Global
	GlobalSection(SolutionConfigurationPlatforms) = preSolution
		Debug|Any CPU = Debug|Any CPU
		Release|Any CPU = Release|Any CPU
	EndGlobalSection
	GlobalSection(ProjectConfigurationPlatforms) = postSolution
		{9CA90331-CB87-4B22-ADBA-247F6D1536F7}.Debug|Any CPU.ActiveCfg = Debug|Any CPU
		{9CA90331-CB87-4B22-ADBA-247F6D1536F7}.Debug|Any CPU.Build.0 = Debug|Any CPU
		{9CA90331-CB87-4B22-ADBA-247F6D1536F7}.Release|Any CPU.ActiveCfg = Release|Any CPU
		{9CA90331-CB87-4B22-ADBA-247F6D1536F7}.Release|Any CPU.Build.0 = Release|Any CPU
		{73ED11A5-29B8-4A86-9B2D-5749B7605776}.Debug|Any CPU.ActiveCfg = Debug|Any CPU
		{73ED11A5-29B8-4A86-9B2D-5749B7605776}.Debug|Any CPU.Build.0 = Debug|Any CPU
		{73ED11A5-29B8-4A86-9B2D-5749B7605776}.Release|Any CPU.ActiveCfg = Release|Any CPU
		{73ED11A5-29B8-4A86-9B2D-5749B7605776}.Release|Any CPU.Build.0 = Release|Any CPU
		{C585DE8B-B389-408E-9471-E1E769004868}.Debug|Any CPU.ActiveCfg = Debug|Any CPU
		{C585DE8B-B389-408E-9471-E1E769004868}.Debug|Any CPU.Build.0 = Debug|Any CPU
		{C585DE8B-B389-408E-9471-E1E769004868}.Release|Any CPU.ActiveCfg = Release|Any CPU
		{C585DE8B-B389-408E-9471-E1E769004868}.Release|Any CPU.Build.0 = Release|Any CPU
		{6D92B5B8-9861-4FAA-A471-7A0ED65F6922}.Debug|Any CPU.ActiveCfg = Debug|Any CPU
		{6D92B5B8-9861-4FAA-A471-7A0ED65F6922}.Debug|Any CPU.Build.0 = Debug|Any CPU
		{6D92B5B8-9861-4FAA-A471-7A0ED65F6922}.Release|Any CPU.ActiveCfg = Release|Any CPU
		{6D92B5B8-9861-4FAA-A471-7A0ED65F6922}.Release|Any CPU.Build.0 = Release|Any CPU
		{02C4A8AC-7B56-4F36-94A9-0BA4D8D44747}.Debug|Any CPU.ActiveCfg = Debug|Any CPU
		{02C4A8AC-7B56-4F36-94A9-0BA4D8D44747}.Debug|Any CPU.Build.0 = Debug|Any CPU
		{02C4A8AC-7B56-4F36-94A9-0BA4D8D44747}.Release|Any CPU.ActiveCfg = Release|Any CPU
		{02C4A8AC-7B56-4F36-94A9-0BA4D8D44747}.Release|Any CPU.Build.0 = Release|Any CPU
		{16A69C9F-AAF8-4960-8300-AE3DDB6CFC51}.Debug|Any CPU.ActiveCfg = Debug|Any CPU
		{16A69C9F-AAF8-4960-8300-AE3DDB6CFC51}.Debug|Any CPU.Build.0 = Debug|Any CPU
		{16A69C9F-AAF8-4960-8300-AE3DDB6CFC51}.Release|Any CPU.ActiveCfg = Release|Any CPU
		{16A69C9F-AAF8-4960-8300-AE3DDB6CFC51}.Release|Any CPU.Build.0 = Release|Any CPU
		{075E24F0-93E3-400B-8AEF-35F2A147F6EA}.Debug|Any CPU.ActiveCfg = Debug|Any CPU
		{075E24F0-93E3-400B-8AEF-35F2A147F6EA}.Debug|Any CPU.Build.0 = Debug|Any CPU
		{075E24F0-93E3-400B-8AEF-35F2A147F6EA}.Release|Any CPU.ActiveCfg = Release|Any CPU
		{075E24F0-93E3-400B-8AEF-35F2A147F6EA}.Release|Any CPU.Build.0 = Release|Any CPU
		{9978FEEC-F2C0-4E65-AE28-B86BB36028B9}.Debug|Any CPU.ActiveCfg = Debug|Any CPU
		{9978FEEC-F2C0-4E65-AE28-B86BB36028B9}.Debug|Any CPU.Build.0 = Debug|Any CPU
		{9978FEEC-F2C0-4E65-AE28-B86BB36028B9}.Release|Any CPU.ActiveCfg = Release|Any CPU
		{9978FEEC-F2C0-4E65-AE28-B86BB36028B9}.Release|Any CPU.Build.0 = Release|Any CPU
		{BF5349B6-8BF9-4102-9D3D-21E65350E1BE}.Debug|Any CPU.ActiveCfg = Debug|Any CPU
		{BF5349B6-8BF9-4102-9D3D-21E65350E1BE}.Debug|Any CPU.Build.0 = Debug|Any CPU
		{BF5349B6-8BF9-4102-9D3D-21E65350E1BE}.Release|Any CPU.ActiveCfg = Release|Any CPU
		{BF5349B6-8BF9-4102-9D3D-21E65350E1BE}.Release|Any CPU.Build.0 = Release|Any CPU
		{8CFF64CE-985D-455B-ABEE-F6F1415566F3}.Debug|Any CPU.ActiveCfg = Debug|Any CPU
		{8CFF64CE-985D-455B-ABEE-F6F1415566F3}.Debug|Any CPU.Build.0 = Debug|Any CPU
		{8CFF64CE-985D-455B-ABEE-F6F1415566F3}.Release|Any CPU.ActiveCfg = Release|Any CPU
		{8CFF64CE-985D-455B-ABEE-F6F1415566F3}.Release|Any CPU.Build.0 = Release|Any CPU
		{CF556B82-95F0-41A3-8FD5-BA7A3F6F172B}.Debug|Any CPU.ActiveCfg = Debug|Any CPU
		{CF556B82-95F0-41A3-8FD5-BA7A3F6F172B}.Debug|Any CPU.Build.0 = Debug|Any CPU
		{CF556B82-95F0-41A3-8FD5-BA7A3F6F172B}.Release|Any CPU.ActiveCfg = Release|Any CPU
		{CF556B82-95F0-41A3-8FD5-BA7A3F6F172B}.Release|Any CPU.Build.0 = Release|Any CPU
		{529757AF-4C6C-4311-9F03-A9A4B978825A}.Debug|Any CPU.ActiveCfg = Debug|Any CPU
		{529757AF-4C6C-4311-9F03-A9A4B978825A}.Debug|Any CPU.Build.0 = Debug|Any CPU
		{529757AF-4C6C-4311-9F03-A9A4B978825A}.Release|Any CPU.ActiveCfg = Release|Any CPU
		{529757AF-4C6C-4311-9F03-A9A4B978825A}.Release|Any CPU.Build.0 = Release|Any CPU
		{F23EE65E-AF21-4649-AED7-A67E2D7F24E8}.Debug|Any CPU.ActiveCfg = Debug|Any CPU
		{F23EE65E-AF21-4649-AED7-A67E2D7F24E8}.Debug|Any CPU.Build.0 = Debug|Any CPU
		{F23EE65E-AF21-4649-AED7-A67E2D7F24E8}.Release|Any CPU.ActiveCfg = Release|Any CPU
		{F23EE65E-AF21-4649-AED7-A67E2D7F24E8}.Release|Any CPU.Build.0 = Release|Any CPU
		{46982405-EF7D-402E-BECD-7BDADDAF02B4}.Debug|Any CPU.ActiveCfg = Debug|Any CPU
		{46982405-EF7D-402E-BECD-7BDADDAF02B4}.Debug|Any CPU.Build.0 = Debug|Any CPU
		{46982405-EF7D-402E-BECD-7BDADDAF02B4}.Release|Any CPU.ActiveCfg = Release|Any CPU
		{46982405-EF7D-402E-BECD-7BDADDAF02B4}.Release|Any CPU.Build.0 = Release|Any CPU
		{DD16D75A-62F3-4B0B-93AC-642E27623718}.Debug|Any CPU.ActiveCfg = Debug|Any CPU
		{DD16D75A-62F3-4B0B-93AC-642E27623718}.Debug|Any CPU.Build.0 = Debug|Any CPU
		{DD16D75A-62F3-4B0B-93AC-642E27623718}.Release|Any CPU.ActiveCfg = Release|Any CPU
		{DD16D75A-62F3-4B0B-93AC-642E27623718}.Release|Any CPU.Build.0 = Release|Any CPU
		{6F0C7A0C-68E1-4D54-9499-DE604B021666}.Debug|Any CPU.ActiveCfg = Debug|Any CPU
		{6F0C7A0C-68E1-4D54-9499-DE604B021666}.Debug|Any CPU.Build.0 = Debug|Any CPU
		{6F0C7A0C-68E1-4D54-9499-DE604B021666}.Release|Any CPU.ActiveCfg = Release|Any CPU
		{6F0C7A0C-68E1-4D54-9499-DE604B021666}.Release|Any CPU.Build.0 = Release|Any CPU
		{90A7C2AF-5B3B-4169-8707-4F2A7FFDF86A}.Debug|Any CPU.ActiveCfg = Debug|Any CPU
		{90A7C2AF-5B3B-4169-8707-4F2A7FFDF86A}.Debug|Any CPU.Build.0 = Debug|Any CPU
		{90A7C2AF-5B3B-4169-8707-4F2A7FFDF86A}.Release|Any CPU.ActiveCfg = Release|Any CPU
		{90A7C2AF-5B3B-4169-8707-4F2A7FFDF86A}.Release|Any CPU.Build.0 = Release|Any CPU
		{1D70C65D-3866-44BF-9128-6C0B0FFA7C7D}.Debug|Any CPU.ActiveCfg = Debug|Any CPU
		{1D70C65D-3866-44BF-9128-6C0B0FFA7C7D}.Debug|Any CPU.Build.0 = Debug|Any CPU
		{1D70C65D-3866-44BF-9128-6C0B0FFA7C7D}.Release|Any CPU.ActiveCfg = Release|Any CPU
		{1D70C65D-3866-44BF-9128-6C0B0FFA7C7D}.Release|Any CPU.Build.0 = Release|Any CPU
		{3DFE8DD1-B2D2-4FE3-A8FB-39DF9FC81850}.Debug|Any CPU.ActiveCfg = Debug|Any CPU
		{3DFE8DD1-B2D2-4FE3-A8FB-39DF9FC81850}.Debug|Any CPU.Build.0 = Debug|Any CPU
		{3DFE8DD1-B2D2-4FE3-A8FB-39DF9FC81850}.Release|Any CPU.ActiveCfg = Release|Any CPU
		{3DFE8DD1-B2D2-4FE3-A8FB-39DF9FC81850}.Release|Any CPU.Build.0 = Release|Any CPU
		{60F49E8A-B15F-4A97-88CF-C7D872D0D616}.Debug|Any CPU.ActiveCfg = Debug|Any CPU
		{60F49E8A-B15F-4A97-88CF-C7D872D0D616}.Debug|Any CPU.Build.0 = Debug|Any CPU
		{60F49E8A-B15F-4A97-88CF-C7D872D0D616}.Release|Any CPU.ActiveCfg = Release|Any CPU
		{60F49E8A-B15F-4A97-88CF-C7D872D0D616}.Release|Any CPU.Build.0 = Release|Any CPU
		{21FDC3D2-FE39-49C6-B58E-F884318A28AB}.Debug|Any CPU.ActiveCfg = Debug|Any CPU
		{21FDC3D2-FE39-49C6-B58E-F884318A28AB}.Debug|Any CPU.Build.0 = Debug|Any CPU
		{21FDC3D2-FE39-49C6-B58E-F884318A28AB}.Release|Any CPU.ActiveCfg = Release|Any CPU
		{21FDC3D2-FE39-49C6-B58E-F884318A28AB}.Release|Any CPU.Build.0 = Release|Any CPU
	EndGlobalSection
	GlobalSection(SolutionProperties) = preSolution
		HideSolutionNode = FALSE
	EndGlobalSection
	GlobalSection(ExtensibilityGlobals) = postSolution
		SolutionGuid = {36799827-E516-4AFE-B847-6B886C11C949}
	EndGlobalSection
EndGlobal
